
Microsoft Visual Studio Solution File, Format Version 12.00
Project("{FAE04EC0-301F-11D3-BF4B-00C04F79EFBC}") = "GolfClubServer", "GolfClubServer\GolfClubServer.csproj", "{C285A553-72FC-422A-98F6-A0BE1D5D99BE}"
EndProject
Global
	GlobalSection(SolutionConfigurationPlatforms) = preSolution
		Debug|Any CPU = Debug|Any CPU
		Release|Any CPU = Release|Any CPU
	EndGlobalSection
	GlobalSection(ProjectConfigurationPlatforms) = postSolution
		{C285A553-72FC-422A-98F6-A0BE1D5D99BE}.Debug|Any CPU.ActiveCfg = Debug|Any CPU
		{C285A553-72FC-422A-98F6-A0BE1D5D99BE}.Debug|Any CPU.Build.0 = Debug|Any CPU
		{C285A553-72FC-422A-98F6-A0BE1D5D99BE}.Release|Any CPU.ActiveCfg = Release|Any CPU
		{C285A553-72FC-422A-98F6-A0BE1D5D99BE}.Release|Any CPU.Build.0 = Release|Any CPU
	EndGlobalSection
EndGlobal
